
Microsoft Visual Studio Solution File, Format Version 12.00
# Visual Studio Version 17
VisualStudioVersion = 17.12.35527.113
MinimumVisualStudioVersion = 10.0.40219.1
Project("{FAE04EC0-301F-11D3-BF4B-00C04F79EFBC}") = "MemorySafetyWithoutGC", "MemorySafetyWithoutGC\MemorySafetyWithoutGC.csproj", "{6A7B8846-A2D0-2E2C-D143-26CB7E3D8261}"
EndProject
Project("{FAE04EC0-301F-11D3-BF4B-00C04F79EFBC}") = "MoreUnmanagedTypes", "UnmanagedString\MoreUnmanagedTypes.csproj", "{05DED6B8-C20A-49C2-9D22-29BE458EA4F4}"
EndProject
Global
	GlobalSection(SolutionConfigurationPlatforms) = preSolution
		Debug|Any CPU = Debug|Any CPU
		Release|Any CPU = Release|Any CPU
	EndGlobalSection
	GlobalSection(ProjectConfigurationPlatforms) = postSolution
		{6A7B8846-A2D0-2E2C-D143-26CB7E3D8261}.Debug|Any CPU.ActiveCfg = Debug|Any CPU
		{6A7B8846-A2D0-2E2C-D143-26CB7E3D8261}.Debug|Any CPU.Build.0 = Debug|Any CPU
		{6A7B8846-A2D0-2E2C-D143-26CB7E3D8261}.Release|Any CPU.ActiveCfg = Release|Any CPU
		{6A7B8846-A2D0-2E2C-D143-26CB7E3D8261}.Release|Any CPU.Build.0 = Release|Any CPU
		{05DED6B8-C20A-49C2-9D22-29BE458EA4F4}.Debug|Any CPU.ActiveCfg = Debug|Any CPU
		{05DED6B8-C20A-49C2-9D22-29BE458EA4F4}.Debug|Any CPU.Build.0 = Debug|Any CPU
		{05DED6B8-C20A-49C2-9D22-29BE458EA4F4}.Release|Any CPU.ActiveCfg = Release|Any CPU
		{05DED6B8-C20A-49C2-9D22-29BE458EA4F4}.Release|Any CPU.Build.0 = Release|Any CPU
	EndGlobalSection
	GlobalSection(SolutionProperties) = preSolution
		HideSolutionNode = FALSE
	EndGlobalSection
	GlobalSection(ExtensibilityGlobals) = postSolution
		SolutionGuid = {397B8BFC-C8F1-4C8C-B11E-6E04627BCDE8}
	EndGlobalSection
EndGlobal
